
Microsoft Visual Studio Solution File, Format Version 12.00
# Visual Studio Version 16
VisualStudioVersion = 16.0.31911.196
MinimumVisualStudioVersion = 10.0.40219.1
Project("{6EC3EE1D-3C4E-46DD-8F32-0CC8E7565705}") = "AlphaBetaPruningBayesian", "AlphaBetaPruningBayesian.fsproj", "{C310DD88-F22D-46FA-9DF8-AC4ABA09B227}"
EndProject
Project("{6EC3EE1D-3C4E-46DD-8F32-0CC8E7565705}") = "Night", "..\Night\Night.fsproj", "{891C9A30-F1A0-492A-B033-2F657C38BC49}"
EndProject
Project("{6EC3EE1D-3C4E-46DD-8F32-0CC8E7565705}") = "AlphaBetaPruningBayesianTest", "..\AlphaBetaPruningBayesianTest\AlphaBetaPruningBayesianTest.fsproj", "{177499DD-CAB6-41E5-A3E2-9597C76C4604}"
EndProject
Project("{FAE04EC0-301F-11D3-BF4B-00C04F79EFBC}") = "NightGame", "..\NightGame\NightGame.csproj", "{6A0944E5-A598-4722-B834-27692B42109F}"
EndProject
Global
	GlobalSection(SolutionConfigurationPlatforms) = preSolution
		Debug|Any CPU = Debug|Any CPU
		Release|Any CPU = Release|Any CPU
	EndGlobalSection
	GlobalSection(ProjectConfigurationPlatforms) = postSolution
		{C310DD88-F22D-46FA-9DF8-AC4ABA09B227}.Debug|Any CPU.ActiveCfg = Debug|Any CPU
		{C310DD88-F22D-46FA-9DF8-AC4ABA09B227}.Debug|Any CPU.Build.0 = Debug|Any CPU
		{C310DD88-F22D-46FA-9DF8-AC4ABA09B227}.Release|Any CPU.ActiveCfg = Release|Any CPU
		{C310DD88-F22D-46FA-9DF8-AC4ABA09B227}.Release|Any CPU.Build.0 = Release|Any CPU
		{891C9A30-F1A0-492A-B033-2F657C38BC49}.Debug|Any CPU.ActiveCfg = Debug|Any CPU
		{891C9A30-F1A0-492A-B033-2F657C38BC49}.Debug|Any CPU.Build.0 = Debug|Any CPU
		{891C9A30-F1A0-492A-B033-2F657C38BC49}.Release|Any CPU.ActiveCfg = Release|Any CPU
		{891C9A30-F1A0-492A-B033-2F657C38BC49}.Release|Any CPU.Build.0 = Release|Any CPU
		{177499DD-CAB6-41E5-A3E2-9597C76C4604}.Debug|Any CPU.ActiveCfg = Debug|Any CPU
		{177499DD-CAB6-41E5-A3E2-9597C76C4604}.Debug|Any CPU.Build.0 = Debug|Any CPU
		{177499DD-CAB6-41E5-A3E2-9597C76C4604}.Release|Any CPU.ActiveCfg = Release|Any CPU
		{177499DD-CAB6-41E5-A3E2-9597C76C4604}.Release|Any CPU.Build.0 = Release|Any CPU
		{6A0944E5-A598-4722-B834-27692B42109F}.Debug|Any CPU.ActiveCfg = Debug|Any CPU
		{6A0944E5-A598-4722-B834-27692B42109F}.Debug|Any CPU.Build.0 = Debug|Any CPU
		{6A0944E5-A598-4722-B834-27692B42109F}.Release|Any CPU.ActiveCfg = Release|Any CPU
		{6A0944E5-A598-4722-B834-27692B42109F}.Release|Any CPU.Build.0 = Release|Any CPU
	EndGlobalSection
	GlobalSection(SolutionProperties) = preSolution
		HideSolutionNode = FALSE
	EndGlobalSection
	GlobalSection(ExtensibilityGlobals) = postSolution
		SolutionGuid = {2F86AAF9-E059-4A3C-8519-4F0B7F4D64AC}
	EndGlobalSection
EndGlobal
