
Microsoft Visual Studio Solution File, Format Version 12.00
# Visual Studio Version 16
VisualStudioVersion = 16.0.31624.102
MinimumVisualStudioVersion = 10.0.40219.1
Project("{9A19103F-16F7-4668-BE54-9A1E7A4F7556}") = "EightQueens", "EightQueens\EightQueens.csproj", "{A08E6AFD-6108-47F8-A02C-828C0A8C412F}"
EndProject
Project("{FAE04EC0-301F-11D3-BF4B-00C04F79EFBC}") = "EightQueensTest", "EightQueensTest\EightQueensTest.csproj", "{A0F57518-9146-44F4-AAFB-3EE685BFD323}"
EndProject
Global
	GlobalSection(SolutionConfigurationPlatforms) = preSolution
		Debug|Any CPU = Debug|Any CPU
		Release|Any CPU = Release|Any CPU
	EndGlobalSection
	GlobalSection(ProjectConfigurationPlatforms) = postSolution
		{A08E6AFD-6108-47F8-A02C-828C0A8C412F}.Debug|Any CPU.ActiveCfg = Debug|Any CPU
		{A08E6AFD-6108-47F8-A02C-828C0A8C412F}.Debug|Any CPU.Build.0 = Debug|Any CPU
		{A08E6AFD-6108-47F8-A02C-828C0A8C412F}.Release|Any CPU.ActiveCfg = Release|Any CPU
		{A08E6AFD-6108-47F8-A02C-828C0A8C412F}.Release|Any CPU.Build.0 = Release|Any CPU
		{A0F57518-9146-44F4-AAFB-3EE685BFD323}.Debug|Any CPU.ActiveCfg = Debug|Any CPU
		{A0F57518-9146-44F4-AAFB-3EE685BFD323}.Debug|Any CPU.Build.0 = Debug|Any CPU
		{A0F57518-9146-44F4-AAFB-3EE685BFD323}.Release|Any CPU.ActiveCfg = Release|Any CPU
		{A0F57518-9146-44F4-AAFB-3EE685BFD323}.Release|Any CPU.Build.0 = Release|Any CPU
	EndGlobalSection
	GlobalSection(SolutionProperties) = preSolution
		HideSolutionNode = FALSE
	EndGlobalSection
	GlobalSection(ExtensibilityGlobals) = postSolution
		SolutionGuid = {A525B72E-924B-4F44-9D24-2A4CCFD0B806}
	EndGlobalSection
EndGlobal
